
Microsoft Visual Studio Solution File, Format Version 12.00
# Visual Studio 15
VisualStudioVersion = 15.0.27130.2010
MinimumVisualStudioVersion = 10.0.40219.1
Project("{FAE04EC0-301F-11D3-BF4B-00C04F79EFBC}") = "SCUScanner.Android", "SCUScanner\SCUScanner.Android\SCUScanner.Android.csproj", "{FBD03271-BB82-42B0-AAC2-40B069DF2692}"
EndProject
Project("{FAE04EC0-301F-11D3-BF4B-00C04F79EFBC}") = "SCUScanner.iOS", "SCUScanner\SCUScanner.iOS\SCUScanner.iOS.csproj", "{39B614B8-951F-4358-A50D-CE6461432357}"
EndProject
Project("{FAE04EC0-301F-11D3-BF4B-00C04F79EFBC}") = "SCUScanner.UWP", "SCUScanner\SCUScanner.UWP\SCUScanner.UWP.csproj", "{9A0FE121-7684-4ECD-BC28-3FA636D8A985}"
EndProject
Project("{FAE04EC0-301F-11D3-BF4B-00C04F79EFBC}") = "SCUScanner", "SCUScanner\SCUScanner\SCUScanner.csproj", "{58871969-4424-40D6-BCE3-2B5D23B63575}"
EndProject
Global
	GlobalSection(SolutionConfigurationPlatforms) = preSolution
		Ad-Hoc|Any CPU = Ad-Hoc|Any CPU
		Ad-Hoc|ARM = Ad-Hoc|ARM
		Ad-Hoc|iPhone = Ad-Hoc|iPhone
		Ad-Hoc|iPhoneSimulator = Ad-Hoc|iPhoneSimulator
		Ad-Hoc|x64 = Ad-Hoc|x64
		Ad-Hoc|x86 = Ad-Hoc|x86
		AppStore|Any CPU = AppStore|Any CPU
		AppStore|ARM = AppStore|ARM
		AppStore|iPhone = AppStore|iPhone
		AppStore|iPhoneSimulator = AppStore|iPhoneSimulator
		AppStore|x64 = AppStore|x64
		AppStore|x86 = AppStore|x86
		Debug|Any CPU = Debug|Any CPU
		Debug|ARM = Debug|ARM
		Debug|iPhone = Debug|iPhone
		Debug|iPhoneSimulator = Debug|iPhoneSimulator
		Debug|x64 = Debug|x64
		Debug|x86 = Debug|x86
		Release|Any CPU = Release|Any CPU
		Release|ARM = Release|ARM
		Release|iPhone = Release|iPhone
		Release|iPhoneSimulator = Release|iPhoneSimulator
		Release|x64 = Release|x64
		Release|x86 = Release|x86
	EndGlobalSection
	GlobalSection(ProjectConfigurationPlatforms) = postSolution
		{FBD03271-BB82-42B0-AAC2-40B069DF2692}.Ad-Hoc|Any CPU.ActiveCfg = Release|Any CPU
		{FBD03271-BB82-42B0-AAC2-40B069DF2692}.Ad-Hoc|Any CPU.Build.0 = Release|Any CPU
		{FBD03271-BB82-42B0-AAC2-40B069DF2692}.Ad-Hoc|Any CPU.Deploy.0 = Release|Any CPU
		{FBD03271-BB82-42B0-AAC2-40B069DF2692}.Ad-Hoc|ARM.ActiveCfg = Release|Any CPU
		{FBD03271-BB82-42B0-AAC2-40B069DF2692}.Ad-Hoc|ARM.Build.0 = Release|Any CPU
		{FBD03271-BB82-42B0-AAC2-40B069DF2692}.Ad-Hoc|ARM.Deploy.0 = Release|Any CPU
		{FBD03271-BB82-42B0-AAC2-40B069DF2692}.Ad-Hoc|iPhone.ActiveCfg = Release|Any CPU
		{FBD03271-BB82-42B0-AAC2-40B069DF2692}.Ad-Hoc|iPhone.Build.0 = Release|Any CPU
		{FBD03271-BB82-42B0-AAC2-40B069DF2692}.Ad-Hoc|iPhone.Deploy.0 = Release|Any CPU
		{FBD03271-BB82-42B0-AAC2-40B069DF2692}.Ad-Hoc|iPhoneSimulator.ActiveCfg = Release|Any CPU
		{FBD03271-BB82-42B0-AAC2-40B069DF2692}.Ad-Hoc|iPhoneSimulator.Build.0 = Release|Any CPU
		{FBD03271-BB82-42B0-AAC2-40B069DF2692}.Ad-Hoc|iPhoneSimulator.Deploy.0 = Release|Any CPU
		{FBD03271-BB82-42B0-AAC2-40B069DF2692}.Ad-Hoc|x64.ActiveCfg = Release|Any CPU
		{FBD03271-BB82-42B0-AAC2-40B069DF2692}.Ad-Hoc|x64.Build.0 = Release|Any CPU
		{FBD03271-BB82-42B0-AAC2-40B069DF2692}.Ad-Hoc|x64.Deploy.0 = Release|Any CPU
		{FBD03271-BB82-42B0-AAC2-40B069DF2692}.Ad-Hoc|x86.ActiveCfg = Release|Any CPU
		{FBD03271-BB82-42B0-AAC2-40B069DF2692}.Ad-Hoc|x86.Build.0 = Release|Any CPU
		{FBD03271-BB82-42B0-AAC2-40B069DF2692}.Ad-Hoc|x86.Deploy.0 = Release|Any CPU
		{FBD03271-BB82-42B0-AAC2-40B069DF2692}.AppStore|Any CPU.ActiveCfg = Release|Any CPU
		{FBD03271-BB82-42B0-AAC2-40B069DF2692}.AppStore|Any CPU.Build.0 = Release|Any CPU
		{FBD03271-BB82-42B0-AAC2-40B069DF2692}.AppStore|Any CPU.Deploy.0 = Release|Any CPU
		{FBD03271-BB82-42B0-AAC2-40B069DF2692}.AppStore|ARM.ActiveCfg = Release|Any CPU
		{FBD03271-BB82-42B0-AAC2-40B069DF2692}.AppStore|ARM.Build.0 = Release|Any CPU
		{FBD03271-BB82-42B0-AAC2-40B069DF2692}.AppStore|ARM.Deploy.0 = Release|Any CPU
		{FBD03271-BB82-42B0-AAC2-40B069DF2692}.AppStore|iPhone.ActiveCfg = Release|Any CPU
		{FBD03271-BB82-42B0-AAC2-40B069DF2692}.AppStore|iPhone.Build.0 = Release|Any CPU
		{FBD03271-BB82-42B0-AAC2-40B069DF2692}.AppStore|iPhone.Deploy.0 = Release|Any CPU
		{FBD03271-BB82-42B0-AAC2-40B069DF2692}.AppStore|iPhoneSimulator.ActiveCfg = Release|Any CPU
		{FBD03271-BB82-42B0-AAC2-40B069DF2692}.AppStore|iPhoneSimulator.Build.0 = Release|Any CPU
		{FBD03271-BB82-42B0-AAC2-40B069DF2692}.AppStore|iPhoneSimulator.Deploy.0 = Release|Any CPU
		{FBD03271-BB82-42B0-AAC2-40B069DF2692}.AppStore|x64.ActiveCfg = Release|Any CPU
		{FBD03271-BB82-42B0-AAC2-40B069DF2692}.AppStore|x64.Build.0 = Release|Any CPU
		{FBD03271-BB82-42B0-AAC2-40B069DF2692}.AppStore|x64.Deploy.0 = Release|Any CPU
		{FBD03271-BB82-42B0-AAC2-40B069DF2692}.AppStore|x86.ActiveCfg = Release|Any CPU
		{FBD03271-BB82-42B0-AAC2-40B069DF2692}.AppStore|x86.Build.0 = Release|Any CPU
		{FBD03271-BB82-42B0-AAC2-40B069DF2692}.AppStore|x86.Deploy.0 = Release|Any CPU
		{FBD03271-BB82-42B0-AAC2-40B069DF2692}.Debug|Any CPU.ActiveCfg = Debug|Any CPU
		{FBD03271-BB82-42B0-AAC2-40B069DF2692}.Debug|Any CPU.Build.0 = Debug|Any CPU
		{FBD03271-BB82-42B0-AAC2-40B069DF2692}.Debug|Any CPU.Deploy.0 = Debug|Any CPU
		{FBD03271-BB82-42B0-AAC2-40B069DF2692}.Debug|ARM.ActiveCfg = Debug|Any CPU
		{FBD03271-BB82-42B0-AAC2-40B069DF2692}.Debug|ARM.Build.0 = Debug|Any CPU
		{FBD03271-BB82-42B0-AAC2-40B069DF2692}.Debug|ARM.Deploy.0 = Debug|Any CPU
		{FBD03271-BB82-42B0-AAC2-40B069DF2692}.Debug|iPhone.ActiveCfg = Debug|Any CPU
		{FBD03271-BB82-42B0-AAC2-40B069DF2692}.Debug|iPhone.Build.0 = Debug|Any CPU
		{FBD03271-BB82-42B0-AAC2-40B069DF2692}.Debug|iPhone.Deploy.0 = Debug|Any CPU
		{FBD03271-BB82-42B0-AAC2-40B069DF2692}.Debug|iPhoneSimulator.ActiveCfg = Debug|Any CPU
		{FBD03271-BB82-42B0-AAC2-40B069DF2692}.Debug|iPhoneSimulator.Build.0 = Debug|Any CPU
		{FBD03271-BB82-42B0-AAC2-40B069DF2692}.Debug|iPhoneSimulator.Deploy.0 = Debug|Any CPU
		{FBD03271-BB82-42B0-AAC2-40B069DF2692}.Debug|x64.ActiveCfg = Debug|Any CPU
		{FBD03271-BB82-42B0-AAC2-40B069DF2692}.Debug|x64.Build.0 = Debug|Any CPU
		{FBD03271-BB82-42B0-AAC2-40B069DF2692}.Debug|x64.Deploy.0 = Debug|Any CPU
		{FBD03271-BB82-42B0-AAC2-40B069DF2692}.Debug|x86.ActiveCfg = Debug|Any CPU
		{FBD03271-BB82-42B0-AAC2-40B069DF2692}.Debug|x86.Build.0 = Debug|Any CPU
		{FBD03271-BB82-42B0-AAC2-40B069DF2692}.Debug|x86.Deploy.0 = Debug|Any CPU
		{FBD03271-BB82-42B0-AAC2-40B069DF2692}.Release|Any CPU.ActiveCfg = Release|Any CPU
		{FBD03271-BB82-42B0-AAC2-40B069DF2692}.Release|Any CPU.Build.0 = Release|Any CPU
		{FBD03271-BB82-42B0-AAC2-40B069DF2692}.Release|Any CPU.Deploy.0 = Release|Any CPU
		{FBD03271-BB82-42B0-AAC2-40B069DF2692}.Release|ARM.ActiveCfg = Release|Any CPU
		{FBD03271-BB82-42B0-AAC2-40B069DF2692}.Release|ARM.Build.0 = Release|Any CPU
		{FBD03271-BB82-42B0-AAC2-40B069DF2692}.Release|ARM.Deploy.0 = Release|Any CPU
		{FBD03271-BB82-42B0-AAC2-40B069DF2692}.Release|iPhone.ActiveCfg = Release|Any CPU
		{FBD03271-BB82-42B0-AAC2-40B069DF2692}.Release|iPhone.Build.0 = Release|Any CPU
		{FBD03271-BB82-42B0-AAC2-40B069DF2692}.Release|iPhone.Deploy.0 = Release|Any CPU
		{FBD03271-BB82-42B0-AAC2-40B069DF2692}.Release|iPhoneSimulator.ActiveCfg = Release|Any CPU
		{FBD03271-BB82-42B0-AAC2-40B069DF2692}.Release|iPhoneSimulator.Build.0 = Release|Any CPU
		{FBD03271-BB82-42B0-AAC2-40B069DF2692}.Release|iPhoneSimulator.Deploy.0 = Release|Any CPU
		{FBD03271-BB82-42B0-AAC2-40B069DF2692}.Release|x64.ActiveCfg = Release|Any CPU
		{FBD03271-BB82-42B0-AAC2-40B069DF2692}.Release|x64.Build.0 = Release|Any CPU
		{FBD03271-BB82-42B0-AAC2-40B069DF2692}.Release|x64.Deploy.0 = Release|Any CPU
		{FBD03271-BB82-42B0-AAC2-40B069DF2692}.Release|x86.ActiveCfg = Release|Any CPU
		{FBD03271-BB82-42B0-AAC2-40B069DF2692}.Release|x86.Build.0 = Release|Any CPU
		{FBD03271-BB82-42B0-AAC2-40B069DF2692}.Release|x86.Deploy.0 = Release|Any CPU
		{39B614B8-951F-4358-A50D-CE6461432357}.Ad-Hoc|Any CPU.ActiveCfg = Ad-Hoc|iPhone
		{39B614B8-951F-4358-A50D-CE6461432357}.Ad-Hoc|ARM.ActiveCfg = Ad-Hoc|iPhone
		{39B614B8-951F-4358-A50D-CE6461432357}.Ad-Hoc|iPhone.ActiveCfg = Ad-Hoc|iPhone
		{39B614B8-951F-4358-A50D-CE6461432357}.Ad-Hoc|iPhone.Build.0 = Ad-Hoc|iPhone
		{39B614B8-951F-4358-A50D-CE6461432357}.Ad-Hoc|iPhoneSimulator.ActiveCfg = Ad-Hoc|iPhoneSimulator
		{39B614B8-951F-4358-A50D-CE6461432357}.Ad-Hoc|iPhoneSimulator.Build.0 = Ad-Hoc|iPhoneSimulator
		{39B614B8-951F-4358-A50D-CE6461432357}.Ad-Hoc|x64.ActiveCfg = Ad-Hoc|iPhone
		{39B614B8-951F-4358-A50D-CE6461432357}.Ad-Hoc|x86.ActiveCfg = Ad-Hoc|iPhone
		{39B614B8-951F-4358-A50D-CE6461432357}.AppStore|Any CPU.ActiveCfg = AppStore|iPhone
		{39B614B8-951F-4358-A50D-CE6461432357}.AppStore|ARM.ActiveCfg = AppStore|iPhone
		{39B614B8-951F-4358-A50D-CE6461432357}.AppStore|iPhone.ActiveCfg = AppStore|iPhone
		{39B614B8-951F-4358-A50D-CE6461432357}.AppStore|iPhone.Build.0 = AppStore|iPhone
		{39B614B8-951F-4358-A50D-CE6461432357}.AppStore|iPhoneSimulator.ActiveCfg = AppStore|iPhoneSimulator
		{39B614B8-951F-4358-A50D-CE6461432357}.AppStore|iPhoneSimulator.Build.0 = AppStore|iPhoneSimulator
		{39B614B8-951F-4358-A50D-CE6461432357}.AppStore|x64.ActiveCfg = AppStore|iPhone
		{39B614B8-951F-4358-A50D-CE6461432357}.AppStore|x86.ActiveCfg = AppStore|iPhone
		{39B614B8-951F-4358-A50D-CE6461432357}.Debug|Any CPU.ActiveCfg = Debug|iPhone
		{39B614B8-951F-4358-A50D-CE6461432357}.Debug|ARM.ActiveCfg = Debug|iPhone
		{39B614B8-951F-4358-A50D-CE6461432357}.Debug|iPhone.ActiveCfg = Debug|iPhone
		{39B614B8-951F-4358-A50D-CE6461432357}.Debug|iPhone.Build.0 = Debug|iPhone
		{39B614B8-951F-4358-A50D-CE6461432357}.Debug|iPhoneSimulator.ActiveCfg = Debug|iPhoneSimulator
		{39B614B8-951F-4358-A50D-CE6461432357}.Debug|iPhoneSimulator.Build.0 = Debug|iPhoneSimulator
		{39B614B8-951F-4358-A50D-CE6461432357}.Debug|x64.ActiveCfg = Debug|iPhone
		{39B614B8-951F-4358-A50D-CE6461432357}.Debug|x86.ActiveCfg = Debug|iPhone
		{39B614B8-951F-4358-A50D-CE6461432357}.Release|Any CPU.ActiveCfg = Release|iPhone
		{39B614B8-951F-4358-A50D-CE6461432357}.Release|ARM.ActiveCfg = Release|iPhone
		{39B614B8-951F-4358-A50D-CE6461432357}.Release|iPhone.ActiveCfg = Release|iPhone
		{39B614B8-951F-4358-A50D-CE6461432357}.Release|iPhone.Build.0 = Release|iPhone
		{39B614B8-951F-4358-A50D-CE6461432357}.Release|iPhoneSimulator.ActiveCfg = Release|iPhoneSimulator
		{39B614B8-951F-4358-A50D-CE6461432357}.Release|iPhoneSimulator.Build.0 = Release|iPhoneSimulator
		{39B614B8-951F-4358-A50D-CE6461432357}.Release|x64.ActiveCfg = Release|iPhone
		{39B614B8-951F-4358-A50D-CE6461432357}.Release|x86.ActiveCfg = Release|iPhone
		{9A0FE121-7684-4ECD-BC28-3FA636D8A985}.Ad-Hoc|Any CPU.ActiveCfg = Release|x86
		{9A0FE121-7684-4ECD-BC28-3FA636D8A985}.Ad-Hoc|Any CPU.Build.0 = Release|x86
		{9A0FE121-7684-4ECD-BC28-3FA636D8A985}.Ad-Hoc|Any CPU.Deploy.0 = Release|x86
		{9A0FE121-7684-4ECD-BC28-3FA636D8A985}.Ad-Hoc|ARM.ActiveCfg = Release|ARM
		{9A0FE121-7684-4ECD-BC28-3FA636D8A985}.Ad-Hoc|ARM.Build.0 = Release|ARM
		{9A0FE121-7684-4ECD-BC28-3FA636D8A985}.Ad-Hoc|ARM.Deploy.0 = Release|ARM
		{9A0FE121-7684-4ECD-BC28-3FA636D8A985}.Ad-Hoc|iPhone.ActiveCfg = Release|x86
		{9A0FE121-7684-4ECD-BC28-3FA636D8A985}.Ad-Hoc|iPhone.Build.0 = Release|x86
		{9A0FE121-7684-4ECD-BC28-3FA636D8A985}.Ad-Hoc|iPhone.Deploy.0 = Release|x86
		{9A0FE121-7684-4ECD-BC28-3FA636D8A985}.Ad-Hoc|iPhoneSimulator.ActiveCfg = Release|x86
		{9A0FE121-7684-4ECD-BC28-3FA636D8A985}.Ad-Hoc|iPhoneSimulator.Build.0 = Release|x86
		{9A0FE121-7684-4ECD-BC28-3FA636D8A985}.Ad-Hoc|iPhoneSimulator.Deploy.0 = Release|x86
		{9A0FE121-7684-4ECD-BC28-3FA636D8A985}.Ad-Hoc|x64.ActiveCfg = Release|x64
		{9A0FE121-7684-4ECD-BC28-3FA636D8A985}.Ad-Hoc|x64.Build.0 = Release|x64
		{9A0FE121-7684-4ECD-BC28-3FA636D8A985}.Ad-Hoc|x64.Deploy.0 = Release|x64
		{9A0FE121-7684-4ECD-BC28-3FA636D8A985}.Ad-Hoc|x86.ActiveCfg = Release|x86
		{9A0FE121-7684-4ECD-BC28-3FA636D8A985}.Ad-Hoc|x86.Build.0 = Release|x86
		{9A0FE121-7684-4ECD-BC28-3FA636D8A985}.Ad-Hoc|x86.Deploy.0 = Release|x86
		{9A0FE121-7684-4ECD-BC28-3FA636D8A985}.AppStore|Any CPU.ActiveCfg = Release|x86
		{9A0FE121-7684-4ECD-BC28-3FA636D8A985}.AppStore|Any CPU.Build.0 = Release|x86
		{9A0FE121-7684-4ECD-BC28-3FA636D8A985}.AppStore|Any CPU.Deploy.0 = Release|x86
		{9A0FE121-7684-4ECD-BC28-3FA636D8A985}.AppStore|ARM.ActiveCfg = Release|ARM
		{9A0FE121-7684-4ECD-BC28-3FA636D8A985}.AppStore|ARM.Build.0 = Release|ARM
		{9A0FE121-7684-4ECD-BC28-3FA636D8A985}.AppStore|ARM.Deploy.0 = Release|ARM
		{9A0FE121-7684-4ECD-BC28-3FA636D8A985}.AppStore|iPhone.ActiveCfg = Release|x86
		{9A0FE121-7684-4ECD-BC28-3FA636D8A985}.AppStore|iPhone.Build.0 = Release|x86
		{9A0FE121-7684-4ECD-BC28-3FA636D8A985}.AppStore|iPhone.Deploy.0 = Release|x86
		{9A0FE121-7684-4ECD-BC28-3FA636D8A985}.AppStore|iPhoneSimulator.ActiveCfg = Release|x86
		{9A0FE121-7684-4ECD-BC28-3FA636D8A985}.AppStore|iPhoneSimulator.Build.0 = Release|x86
		{9A0FE121-7684-4ECD-BC28-3FA636D8A985}.AppStore|iPhoneSimulator.Deploy.0 = Release|x86
		{9A0FE121-7684-4ECD-BC28-3FA636D8A985}.AppStore|x64.ActiveCfg = Release|x64
		{9A0FE121-7684-4ECD-BC28-3FA636D8A985}.AppStore|x64.Build.0 = Release|x64
		{9A0FE121-7684-4ECD-BC28-3FA636D8A985}.AppStore|x64.Deploy.0 = Release|x64
		{9A0FE121-7684-4ECD-BC28-3FA636D8A985}.AppStore|x86.ActiveCfg = Release|x86
		{9A0FE121-7684-4ECD-BC28-3FA636D8A985}.AppStore|x86.Build.0 = Release|x86
		{9A0FE121-7684-4ECD-BC28-3FA636D8A985}.AppStore|x86.Deploy.0 = Release|x86
		{9A0FE121-7684-4ECD-BC28-3FA636D8A985}.Debug|Any CPU.ActiveCfg = Debug|x86
		{9A0FE121-7684-4ECD-BC28-3FA636D8A985}.Debug|ARM.ActiveCfg = Debug|ARM
		{9A0FE121-7684-4ECD-BC28-3FA636D8A985}.Debug|ARM.Build.0 = Debug|ARM
		{9A0FE121-7684-4ECD-BC28-3FA636D8A985}.Debug|ARM.Deploy.0 = Debug|ARM
		{9A0FE121-7684-4ECD-BC28-3FA636D8A985}.Debug|iPhone.ActiveCfg = Debug|x86
		{9A0FE121-7684-4ECD-BC28-3FA636D8A985}.Debug|iPhoneSimulator.ActiveCfg = Debug|x86
		{9A0FE121-7684-4ECD-BC28-3FA636D8A985}.Debug|x64.ActiveCfg = Debug|x64
		{9A0FE121-7684-4ECD-BC28-3FA636D8A985}.Debug|x64.Build.0 = Debug|x64
		{9A0FE121-7684-4ECD-BC28-3FA636D8A985}.Debug|x64.Deploy.0 = Debug|x64
		{9A0FE121-7684-4ECD-BC28-3FA636D8A985}.Debug|x86.ActiveCfg = Debug|x86
		{9A0FE121-7684-4ECD-BC28-3FA636D8A985}.Debug|x86.Build.0 = Debug|x86
		{9A0FE121-7684-4ECD-BC28-3FA636D8A985}.Debug|x86.Deploy.0 = Debug|x86
		{9A0FE121-7684-4ECD-BC28-3FA636D8A985}.Release|Any CPU.ActiveCfg = Release|x86
		{9A0FE121-7684-4ECD-BC28-3FA636D8A985}.Release|ARM.ActiveCfg = Release|ARM
		{9A0FE121-7684-4ECD-BC28-3FA636D8A985}.Release|ARM.Build.0 = Release|ARM
		{9A0FE121-7684-4ECD-BC28-3FA636D8A985}.Release|ARM.Deploy.0 = Release|ARM
		{9A0FE121-7684-4ECD-BC28-3FA636D8A985}.Release|iPhone.ActiveCfg = Release|x86
		{9A0FE121-7684-4ECD-BC28-3FA636D8A985}.Release|iPhoneSimulator.ActiveCfg = Release|x86
		{9A0FE121-7684-4ECD-BC28-3FA636D8A985}.Release|x64.ActiveCfg = Release|x64
		{9A0FE121-7684-4ECD-BC28-3FA636D8A985}.Release|x64.Build.0 = Release|x64
		{9A0FE121-7684-4ECD-BC28-3FA636D8A985}.Release|x64.Deploy.0 = Release|x64
		{9A0FE121-7684-4ECD-BC28-3FA636D8A985}.Release|x86.ActiveCfg = Release|x86
		{9A0FE121-7684-4ECD-BC28-3FA636D8A985}.Release|x86.Build.0 = Release|x86
		{9A0FE121-7684-4ECD-BC28-3FA636D8A985}.Release|x86.Deploy.0 = Release|x86
		{58871969-4424-40D6-BCE3-2B5D23B63575}.Ad-Hoc|Any CPU.ActiveCfg = Debug|Any CPU
		{58871969-4424-40D6-BCE3-2B5D23B63575}.Ad-Hoc|Any CPU.Build.0 = Debug|Any CPU
		{58871969-4424-40D6-BCE3-2B5D23B63575}.Ad-Hoc|ARM.ActiveCfg = Debug|Any CPU
		{58871969-4424-40D6-BCE3-2B5D23B63575}.Ad-Hoc|ARM.Build.0 = Debug|Any CPU
		{58871969-4424-40D6-BCE3-2B5D23B63575}.Ad-Hoc|iPhone.ActiveCfg = Debug|Any CPU
		{58871969-4424-40D6-BCE3-2B5D23B63575}.Ad-Hoc|iPhone.Build.0 = Debug|Any CPU
		{58871969-4424-40D6-BCE3-2B5D23B63575}.Ad-Hoc|iPhoneSimulator.ActiveCfg = Debug|Any CPU
		{58871969-4424-40D6-BCE3-2B5D23B63575}.Ad-Hoc|iPhoneSimulator.Build.0 = Debug|Any CPU
		{58871969-4424-40D6-BCE3-2B5D23B63575}.Ad-Hoc|x64.ActiveCfg = Debug|Any CPU
		{58871969-4424-40D6-BCE3-2B5D23B63575}.Ad-Hoc|x64.Build.0 = Debug|Any CPU
		{58871969-4424-40D6-BCE3-2B5D23B63575}.Ad-Hoc|x86.ActiveCfg = Debug|Any CPU
		{58871969-4424-40D6-BCE3-2B5D23B63575}.Ad-Hoc|x86.Build.0 = Debug|Any CPU
		{58871969-4424-40D6-BCE3-2B5D23B63575}.AppStore|Any CPU.ActiveCfg = Debug|Any CPU
		{58871969-4424-40D6-BCE3-2B5D23B63575}.AppStore|Any CPU.Build.0 = Debug|Any CPU
		{58871969-4424-40D6-BCE3-2B5D23B63575}.AppStore|ARM.ActiveCfg = Debug|Any CPU
		{58871969-4424-40D6-BCE3-2B5D23B63575}.AppStore|ARM.Build.0 = Debug|Any CPU
		{58871969-4424-40D6-BCE3-2B5D23B63575}.AppStore|iPhone.ActiveCfg = Debug|Any CPU
		{58871969-4424-40D6-BCE3-2B5D23B63575}.AppStore|iPhone.Build.0 = Debug|Any CPU
		{58871969-4424-40D6-BCE3-2B5D23B63575}.AppStore|iPhoneSimulator.ActiveCfg = Debug|Any CPU
		{58871969-4424-40D6-BCE3-2B5D23B63575}.AppStore|iPhoneSimulator.Build.0 = Debug|Any CPU
		{58871969-4424-40D6-BCE3-2B5D23B63575}.AppStore|x64.ActiveCfg = Debug|Any CPU
		{58871969-4424-40D6-BCE3-2B5D23B63575}.AppStore|x64.Build.0 = Debug|Any CPU
		{58871969-4424-40D6-BCE3-2B5D23B63575}.AppStore|x86.ActiveCfg = Debug|Any CPU
		{58871969-4424-40D6-BCE3-2B5D23B63575}.AppStore|x86.Build.0 = Debug|Any CPU
		{58871969-4424-40D6-BCE3-2B5D23B63575}.Debug|Any CPU.ActiveCfg = Debug|Any CPU
		{58871969-4424-40D6-BCE3-2B5D23B63575}.Debug|Any CPU.Build.0 = Debug|Any CPU
		{58871969-4424-40D6-BCE3-2B5D23B63575}.Debug|ARM.ActiveCfg = Debug|Any CPU
		{58871969-4424-40D6-BCE3-2B5D23B63575}.Debug|ARM.Build.0 = Debug|Any CPU
		{58871969-4424-40D6-BCE3-2B5D23B63575}.Debug|iPhone.ActiveCfg = Debug|Any CPU
		{58871969-4424-40D6-BCE3-2B5D23B63575}.Debug|iPhone.Build.0 = Debug|Any CPU
		{58871969-4424-40D6-BCE3-2B5D23B63575}.Debug|iPhoneSimulator.ActiveCfg = Debug|Any CPU
		{58871969-4424-40D6-BCE3-2B5D23B63575}.Debug|iPhoneSimulator.Build.0 = Debug|Any CPU
		{58871969-4424-40D6-BCE3-2B5D23B63575}.Debug|x64.ActiveCfg = Debug|Any CPU
		{58871969-4424-40D6-BCE3-2B5D23B63575}.Debug|x64.Build.0 = Debug|Any CPU
		{58871969-4424-40D6-BCE3-2B5D23B63575}.Debug|x86.ActiveCfg = Debug|Any CPU
		{58871969-4424-40D6-BCE3-2B5D23B63575}.Debug|x86.Build.0 = Debug|Any CPU
		{58871969-4424-40D6-BCE3-2B5D23B63575}.Release|Any CPU.ActiveCfg = Release|Any CPU
		{58871969-4424-40D6-BCE3-2B5D23B63575}.Release|Any CPU.Build.0 = Release|Any CPU
		{58871969-4424-40D6-BCE3-2B5D23B63575}.Release|ARM.ActiveCfg = Release|Any CPU
		{58871969-4424-40D6-BCE3-2B5D23B63575}.Release|ARM.Build.0 = Release|Any CPU
		{58871969-4424-40D6-BCE3-2B5D23B63575}.Release|iPhone.ActiveCfg = Release|Any CPU
		{58871969-4424-40D6-BCE3-2B5D23B63575}.Release|iPhone.Build.0 = Release|Any CPU
		{58871969-4424-40D6-BCE3-2B5D23B63575}.Release|iPhoneSimulator.ActiveCfg = Release|Any CPU
		{58871969-4424-40D6-BCE3-2B5D23B63575}.Release|iPhoneSimulator.Build.0 = Release|Any CPU
		{58871969-4424-40D6-BCE3-2B5D23B63575}.Release|x64.ActiveCfg = Release|Any CPU
		{58871969-4424-40D6-BCE3-2B5D23B63575}.Release|x64.Build.0 = Release|Any CPU
		{58871969-4424-40D6-BCE3-2B5D23B63575}.Release|x86.ActiveCfg = Release|Any CPU
		{58871969-4424-40D6-BCE3-2B5D23B63575}.Release|x86.Build.0 = Release|Any CPU
	EndGlobalSection
	GlobalSection(SolutionProperties) = preSolution
		HideSolutionNode = FALSE
	EndGlobalSection
	GlobalSection(ExtensibilityGlobals) = postSolution
		SolutionGuid = {7E40E4A2-0097-4CEB-8926-04827A622D67}
	EndGlobalSection
EndGlobal
