
Microsoft Visual Studio Solution File, Format Version 12.00
# Visual Studio 15
VisualStudioVersion = 15.0.27130.2010
MinimumVisualStudioVersion = 10.0.40219.1
Project("{FAE04EC0-301F-11D3-BF4B-00C04F79EFBC}") = "SCUScanner.Android", "SCUScanner\SCUScanner.Android\SCUScanner.Android.csproj", "{194DF07A-2E32-4A54-A094-987829E62AA5}"
EndProject
Project("{FAE04EC0-301F-11D3-BF4B-00C04F79EFBC}") = "SCUScanner.iOS", "SCUScanner\SCUScanner.iOS\SCUScanner.iOS.csproj", "{FAC353DA-904C-410C-8042-24BF36AC6232}"
EndProject
Project("{FAE04EC0-301F-11D3-BF4B-00C04F79EFBC}") = "SCUScanner.UWP", "SCUScanner\SCUScanner.UWP\SCUScanner.UWP.csproj", "{0982937D-D8F4-422A-AA8C-C14A4115434A}"
EndProject
Project("{D954291E-2A0B-460D-934E-DC6B0785DB48}") = "SCUScanner", "SCUScanner\SCUScanner\SCUScanner.shproj", "{7FF5024F-1EB0-471D-8EDE-262E0B5312C1}"
EndProject
Global
	GlobalSection(SharedMSBuildProjectFiles) = preSolution
		SCUScanner\SCUScanner\SCUScanner.projitems*{0982937d-d8f4-422a-aa8c-c14a4115434a}*SharedItemsImports = 4
		SCUScanner\SCUScanner\SCUScanner.projitems*{194df07a-2e32-4a54-a094-987829e62aa5}*SharedItemsImports = 4
		SCUScanner\SCUScanner\SCUScanner.projitems*{7ff5024f-1eb0-471d-8ede-262e0b5312c1}*SharedItemsImports = 13
		SCUScanner\SCUScanner\SCUScanner.projitems*{fac353da-904c-410c-8042-24bf36ac6232}*SharedItemsImports = 4
	EndGlobalSection
	GlobalSection(SolutionConfigurationPlatforms) = preSolution
		Ad-Hoc|Any CPU = Ad-Hoc|Any CPU
		Ad-Hoc|ARM = Ad-Hoc|ARM
		Ad-Hoc|iPhone = Ad-Hoc|iPhone
		Ad-Hoc|iPhoneSimulator = Ad-Hoc|iPhoneSimulator
		Ad-Hoc|x64 = Ad-Hoc|x64
		Ad-Hoc|x86 = Ad-Hoc|x86
		AppStore|Any CPU = AppStore|Any CPU
		AppStore|ARM = AppStore|ARM
		AppStore|iPhone = AppStore|iPhone
		AppStore|iPhoneSimulator = AppStore|iPhoneSimulator
		AppStore|x64 = AppStore|x64
		AppStore|x86 = AppStore|x86
		Debug|Any CPU = Debug|Any CPU
		Debug|ARM = Debug|ARM
		Debug|iPhone = Debug|iPhone
		Debug|iPhoneSimulator = Debug|iPhoneSimulator
		Debug|x64 = Debug|x64
		Debug|x86 = Debug|x86
		Release|Any CPU = Release|Any CPU
		Release|ARM = Release|ARM
		Release|iPhone = Release|iPhone
		Release|iPhoneSimulator = Release|iPhoneSimulator
		Release|x64 = Release|x64
		Release|x86 = Release|x86
	EndGlobalSection
	GlobalSection(ProjectConfigurationPlatforms) = postSolution
		{194DF07A-2E32-4A54-A094-987829E62AA5}.Ad-Hoc|Any CPU.ActiveCfg = Release|Any CPU
		{194DF07A-2E32-4A54-A094-987829E62AA5}.Ad-Hoc|Any CPU.Build.0 = Release|Any CPU
		{194DF07A-2E32-4A54-A094-987829E62AA5}.Ad-Hoc|Any CPU.Deploy.0 = Release|Any CPU
		{194DF07A-2E32-4A54-A094-987829E62AA5}.Ad-Hoc|ARM.ActiveCfg = Release|Any CPU
		{194DF07A-2E32-4A54-A094-987829E62AA5}.Ad-Hoc|ARM.Build.0 = Release|Any CPU
		{194DF07A-2E32-4A54-A094-987829E62AA5}.Ad-Hoc|ARM.Deploy.0 = Release|Any CPU
		{194DF07A-2E32-4A54-A094-987829E62AA5}.Ad-Hoc|iPhone.ActiveCfg = Release|Any CPU
		{194DF07A-2E32-4A54-A094-987829E62AA5}.Ad-Hoc|iPhone.Build.0 = Release|Any CPU
		{194DF07A-2E32-4A54-A094-987829E62AA5}.Ad-Hoc|iPhone.Deploy.0 = Release|Any CPU
		{194DF07A-2E32-4A54-A094-987829E62AA5}.Ad-Hoc|iPhoneSimulator.ActiveCfg = Release|Any CPU
		{194DF07A-2E32-4A54-A094-987829E62AA5}.Ad-Hoc|iPhoneSimulator.Build.0 = Release|Any CPU
		{194DF07A-2E32-4A54-A094-987829E62AA5}.Ad-Hoc|iPhoneSimulator.Deploy.0 = Release|Any CPU
		{194DF07A-2E32-4A54-A094-987829E62AA5}.Ad-Hoc|x64.ActiveCfg = Release|Any CPU
		{194DF07A-2E32-4A54-A094-987829E62AA5}.Ad-Hoc|x64.Build.0 = Release|Any CPU
		{194DF07A-2E32-4A54-A094-987829E62AA5}.Ad-Hoc|x64.Deploy.0 = Release|Any CPU
		{194DF07A-2E32-4A54-A094-987829E62AA5}.Ad-Hoc|x86.ActiveCfg = Release|Any CPU
		{194DF07A-2E32-4A54-A094-987829E62AA5}.Ad-Hoc|x86.Build.0 = Release|Any CPU
		{194DF07A-2E32-4A54-A094-987829E62AA5}.Ad-Hoc|x86.Deploy.0 = Release|Any CPU
		{194DF07A-2E32-4A54-A094-987829E62AA5}.AppStore|Any CPU.ActiveCfg = Release|Any CPU
		{194DF07A-2E32-4A54-A094-987829E62AA5}.AppStore|Any CPU.Build.0 = Release|Any CPU
		{194DF07A-2E32-4A54-A094-987829E62AA5}.AppStore|Any CPU.Deploy.0 = Release|Any CPU
		{194DF07A-2E32-4A54-A094-987829E62AA5}.AppStore|ARM.ActiveCfg = Release|Any CPU
		{194DF07A-2E32-4A54-A094-987829E62AA5}.AppStore|ARM.Build.0 = Release|Any CPU
		{194DF07A-2E32-4A54-A094-987829E62AA5}.AppStore|ARM.Deploy.0 = Release|Any CPU
		{194DF07A-2E32-4A54-A094-987829E62AA5}.AppStore|iPhone.ActiveCfg = Release|Any CPU
		{194DF07A-2E32-4A54-A094-987829E62AA5}.AppStore|iPhone.Build.0 = Release|Any CPU
		{194DF07A-2E32-4A54-A094-987829E62AA5}.AppStore|iPhone.Deploy.0 = Release|Any CPU
		{194DF07A-2E32-4A54-A094-987829E62AA5}.AppStore|iPhoneSimulator.ActiveCfg = Release|Any CPU
		{194DF07A-2E32-4A54-A094-987829E62AA5}.AppStore|iPhoneSimulator.Build.0 = Release|Any CPU
		{194DF07A-2E32-4A54-A094-987829E62AA5}.AppStore|iPhoneSimulator.Deploy.0 = Release|Any CPU
		{194DF07A-2E32-4A54-A094-987829E62AA5}.AppStore|x64.ActiveCfg = Release|Any CPU
		{194DF07A-2E32-4A54-A094-987829E62AA5}.AppStore|x64.Build.0 = Release|Any CPU
		{194DF07A-2E32-4A54-A094-987829E62AA5}.AppStore|x64.Deploy.0 = Release|Any CPU
		{194DF07A-2E32-4A54-A094-987829E62AA5}.AppStore|x86.ActiveCfg = Release|Any CPU
		{194DF07A-2E32-4A54-A094-987829E62AA5}.AppStore|x86.Build.0 = Release|Any CPU
		{194DF07A-2E32-4A54-A094-987829E62AA5}.AppStore|x86.Deploy.0 = Release|Any CPU
		{194DF07A-2E32-4A54-A094-987829E62AA5}.Debug|Any CPU.ActiveCfg = Debug|Any CPU
		{194DF07A-2E32-4A54-A094-987829E62AA5}.Debug|Any CPU.Build.0 = Debug|Any CPU
		{194DF07A-2E32-4A54-A094-987829E62AA5}.Debug|Any CPU.Deploy.0 = Debug|Any CPU
		{194DF07A-2E32-4A54-A094-987829E62AA5}.Debug|ARM.ActiveCfg = Debug|Any CPU
		{194DF07A-2E32-4A54-A094-987829E62AA5}.Debug|ARM.Build.0 = Debug|Any CPU
		{194DF07A-2E32-4A54-A094-987829E62AA5}.Debug|ARM.Deploy.0 = Debug|Any CPU
		{194DF07A-2E32-4A54-A094-987829E62AA5}.Debug|iPhone.ActiveCfg = Debug|Any CPU
		{194DF07A-2E32-4A54-A094-987829E62AA5}.Debug|iPhone.Build.0 = Debug|Any CPU
		{194DF07A-2E32-4A54-A094-987829E62AA5}.Debug|iPhone.Deploy.0 = Debug|Any CPU
		{194DF07A-2E32-4A54-A094-987829E62AA5}.Debug|iPhoneSimulator.ActiveCfg = Debug|Any CPU
		{194DF07A-2E32-4A54-A094-987829E62AA5}.Debug|iPhoneSimulator.Build.0 = Debug|Any CPU
		{194DF07A-2E32-4A54-A094-987829E62AA5}.Debug|iPhoneSimulator.Deploy.0 = Debug|Any CPU
		{194DF07A-2E32-4A54-A094-987829E62AA5}.Debug|x64.ActiveCfg = Debug|Any CPU
		{194DF07A-2E32-4A54-A094-987829E62AA5}.Debug|x64.Build.0 = Debug|Any CPU
		{194DF07A-2E32-4A54-A094-987829E62AA5}.Debug|x64.Deploy.0 = Debug|Any CPU
		{194DF07A-2E32-4A54-A094-987829E62AA5}.Debug|x86.ActiveCfg = Debug|Any CPU
		{194DF07A-2E32-4A54-A094-987829E62AA5}.Debug|x86.Build.0 = Debug|Any CPU
		{194DF07A-2E32-4A54-A094-987829E62AA5}.Debug|x86.Deploy.0 = Debug|Any CPU
		{194DF07A-2E32-4A54-A094-987829E62AA5}.Release|Any CPU.ActiveCfg = Release|Any CPU
		{194DF07A-2E32-4A54-A094-987829E62AA5}.Release|Any CPU.Build.0 = Release|Any CPU
		{194DF07A-2E32-4A54-A094-987829E62AA5}.Release|Any CPU.Deploy.0 = Release|Any CPU
		{194DF07A-2E32-4A54-A094-987829E62AA5}.Release|ARM.ActiveCfg = Release|Any CPU
		{194DF07A-2E32-4A54-A094-987829E62AA5}.Release|ARM.Build.0 = Release|Any CPU
		{194DF07A-2E32-4A54-A094-987829E62AA5}.Release|ARM.Deploy.0 = Release|Any CPU
		{194DF07A-2E32-4A54-A094-987829E62AA5}.Release|iPhone.ActiveCfg = Release|Any CPU
		{194DF07A-2E32-4A54-A094-987829E62AA5}.Release|iPhone.Build.0 = Release|Any CPU
		{194DF07A-2E32-4A54-A094-987829E62AA5}.Release|iPhone.Deploy.0 = Release|Any CPU
		{194DF07A-2E32-4A54-A094-987829E62AA5}.Release|iPhoneSimulator.ActiveCfg = Release|Any CPU
		{194DF07A-2E32-4A54-A094-987829E62AA5}.Release|iPhoneSimulator.Build.0 = Release|Any CPU
		{194DF07A-2E32-4A54-A094-987829E62AA5}.Release|iPhoneSimulator.Deploy.0 = Release|Any CPU
		{194DF07A-2E32-4A54-A094-987829E62AA5}.Release|x64.ActiveCfg = Release|Any CPU
		{194DF07A-2E32-4A54-A094-987829E62AA5}.Release|x64.Build.0 = Release|Any CPU
		{194DF07A-2E32-4A54-A094-987829E62AA5}.Release|x64.Deploy.0 = Release|Any CPU
		{194DF07A-2E32-4A54-A094-987829E62AA5}.Release|x86.ActiveCfg = Release|Any CPU
		{194DF07A-2E32-4A54-A094-987829E62AA5}.Release|x86.Build.0 = Release|Any CPU
		{194DF07A-2E32-4A54-A094-987829E62AA5}.Release|x86.Deploy.0 = Release|Any CPU
		{FAC353DA-904C-410C-8042-24BF36AC6232}.Ad-Hoc|Any CPU.ActiveCfg = Ad-Hoc|iPhone
		{FAC353DA-904C-410C-8042-24BF36AC6232}.Ad-Hoc|ARM.ActiveCfg = Ad-Hoc|iPhone
		{FAC353DA-904C-410C-8042-24BF36AC6232}.Ad-Hoc|iPhone.ActiveCfg = Ad-Hoc|iPhone
		{FAC353DA-904C-410C-8042-24BF36AC6232}.Ad-Hoc|iPhone.Build.0 = Ad-Hoc|iPhone
		{FAC353DA-904C-410C-8042-24BF36AC6232}.Ad-Hoc|iPhoneSimulator.ActiveCfg = Ad-Hoc|iPhoneSimulator
		{FAC353DA-904C-410C-8042-24BF36AC6232}.Ad-Hoc|iPhoneSimulator.Build.0 = Ad-Hoc|iPhoneSimulator
		{FAC353DA-904C-410C-8042-24BF36AC6232}.Ad-Hoc|x64.ActiveCfg = Ad-Hoc|iPhone
		{FAC353DA-904C-410C-8042-24BF36AC6232}.Ad-Hoc|x86.ActiveCfg = Ad-Hoc|iPhone
		{FAC353DA-904C-410C-8042-24BF36AC6232}.AppStore|Any CPU.ActiveCfg = AppStore|iPhone
		{FAC353DA-904C-410C-8042-24BF36AC6232}.AppStore|ARM.ActiveCfg = AppStore|iPhone
		{FAC353DA-904C-410C-8042-24BF36AC6232}.AppStore|iPhone.ActiveCfg = AppStore|iPhone
		{FAC353DA-904C-410C-8042-24BF36AC6232}.AppStore|iPhone.Build.0 = AppStore|iPhone
		{FAC353DA-904C-410C-8042-24BF36AC6232}.AppStore|iPhoneSimulator.ActiveCfg = AppStore|iPhoneSimulator
		{FAC353DA-904C-410C-8042-24BF36AC6232}.AppStore|iPhoneSimulator.Build.0 = AppStore|iPhoneSimulator
		{FAC353DA-904C-410C-8042-24BF36AC6232}.AppStore|x64.ActiveCfg = AppStore|iPhone
		{FAC353DA-904C-410C-8042-24BF36AC6232}.AppStore|x86.ActiveCfg = AppStore|iPhone
		{FAC353DA-904C-410C-8042-24BF36AC6232}.Debug|Any CPU.ActiveCfg = Debug|iPhone
		{FAC353DA-904C-410C-8042-24BF36AC6232}.Debug|ARM.ActiveCfg = Debug|iPhone
		{FAC353DA-904C-410C-8042-24BF36AC6232}.Debug|iPhone.ActiveCfg = Debug|iPhone
		{FAC353DA-904C-410C-8042-24BF36AC6232}.Debug|iPhone.Build.0 = Debug|iPhone
		{FAC353DA-904C-410C-8042-24BF36AC6232}.Debug|iPhoneSimulator.ActiveCfg = Debug|iPhoneSimulator
		{FAC353DA-904C-410C-8042-24BF36AC6232}.Debug|iPhoneSimulator.Build.0 = Debug|iPhoneSimulator
		{FAC353DA-904C-410C-8042-24BF36AC6232}.Debug|x64.ActiveCfg = Debug|iPhone
		{FAC353DA-904C-410C-8042-24BF36AC6232}.Debug|x86.ActiveCfg = Debug|iPhone
		{FAC353DA-904C-410C-8042-24BF36AC6232}.Release|Any CPU.ActiveCfg = Release|iPhone
		{FAC353DA-904C-410C-8042-24BF36AC6232}.Release|ARM.ActiveCfg = Release|iPhone
		{FAC353DA-904C-410C-8042-24BF36AC6232}.Release|iPhone.ActiveCfg = Release|iPhone
		{FAC353DA-904C-410C-8042-24BF36AC6232}.Release|iPhone.Build.0 = Release|iPhone
		{FAC353DA-904C-410C-8042-24BF36AC6232}.Release|iPhoneSimulator.ActiveCfg = Release|iPhoneSimulator
		{FAC353DA-904C-410C-8042-24BF36AC6232}.Release|iPhoneSimulator.Build.0 = Release|iPhoneSimulator
		{FAC353DA-904C-410C-8042-24BF36AC6232}.Release|x64.ActiveCfg = Release|iPhone
		{FAC353DA-904C-410C-8042-24BF36AC6232}.Release|x86.ActiveCfg = Release|iPhone
		{0982937D-D8F4-422A-AA8C-C14A4115434A}.Ad-Hoc|Any CPU.ActiveCfg = Release|x86
		{0982937D-D8F4-422A-AA8C-C14A4115434A}.Ad-Hoc|Any CPU.Build.0 = Release|x86
		{0982937D-D8F4-422A-AA8C-C14A4115434A}.Ad-Hoc|Any CPU.Deploy.0 = Release|x86
		{0982937D-D8F4-422A-AA8C-C14A4115434A}.Ad-Hoc|ARM.ActiveCfg = Release|ARM
		{0982937D-D8F4-422A-AA8C-C14A4115434A}.Ad-Hoc|ARM.Build.0 = Release|ARM
		{0982937D-D8F4-422A-AA8C-C14A4115434A}.Ad-Hoc|ARM.Deploy.0 = Release|ARM
		{0982937D-D8F4-422A-AA8C-C14A4115434A}.Ad-Hoc|iPhone.ActiveCfg = Release|x86
		{0982937D-D8F4-422A-AA8C-C14A4115434A}.Ad-Hoc|iPhone.Build.0 = Release|x86
		{0982937D-D8F4-422A-AA8C-C14A4115434A}.Ad-Hoc|iPhone.Deploy.0 = Release|x86
		{0982937D-D8F4-422A-AA8C-C14A4115434A}.Ad-Hoc|iPhoneSimulator.ActiveCfg = Release|x86
		{0982937D-D8F4-422A-AA8C-C14A4115434A}.Ad-Hoc|iPhoneSimulator.Build.0 = Release|x86
		{0982937D-D8F4-422A-AA8C-C14A4115434A}.Ad-Hoc|iPhoneSimulator.Deploy.0 = Release|x86
		{0982937D-D8F4-422A-AA8C-C14A4115434A}.Ad-Hoc|x64.ActiveCfg = Release|x64
		{0982937D-D8F4-422A-AA8C-C14A4115434A}.Ad-Hoc|x64.Build.0 = Release|x64
		{0982937D-D8F4-422A-AA8C-C14A4115434A}.Ad-Hoc|x64.Deploy.0 = Release|x64
		{0982937D-D8F4-422A-AA8C-C14A4115434A}.Ad-Hoc|x86.ActiveCfg = Release|x86
		{0982937D-D8F4-422A-AA8C-C14A4115434A}.Ad-Hoc|x86.Build.0 = Release|x86
		{0982937D-D8F4-422A-AA8C-C14A4115434A}.Ad-Hoc|x86.Deploy.0 = Release|x86
		{0982937D-D8F4-422A-AA8C-C14A4115434A}.AppStore|Any CPU.ActiveCfg = Release|x86
		{0982937D-D8F4-422A-AA8C-C14A4115434A}.AppStore|Any CPU.Build.0 = Release|x86
		{0982937D-D8F4-422A-AA8C-C14A4115434A}.AppStore|Any CPU.Deploy.0 = Release|x86
		{0982937D-D8F4-422A-AA8C-C14A4115434A}.AppStore|ARM.ActiveCfg = Release|ARM
		{0982937D-D8F4-422A-AA8C-C14A4115434A}.AppStore|ARM.Build.0 = Release|ARM
		{0982937D-D8F4-422A-AA8C-C14A4115434A}.AppStore|ARM.Deploy.0 = Release|ARM
		{0982937D-D8F4-422A-AA8C-C14A4115434A}.AppStore|iPhone.ActiveCfg = Release|x86
		{0982937D-D8F4-422A-AA8C-C14A4115434A}.AppStore|iPhone.Build.0 = Release|x86
		{0982937D-D8F4-422A-AA8C-C14A4115434A}.AppStore|iPhone.Deploy.0 = Release|x86
		{0982937D-D8F4-422A-AA8C-C14A4115434A}.AppStore|iPhoneSimulator.ActiveCfg = Release|x86
		{0982937D-D8F4-422A-AA8C-C14A4115434A}.AppStore|iPhoneSimulator.Build.0 = Release|x86
		{0982937D-D8F4-422A-AA8C-C14A4115434A}.AppStore|iPhoneSimulator.Deploy.0 = Release|x86
		{0982937D-D8F4-422A-AA8C-C14A4115434A}.AppStore|x64.ActiveCfg = Release|x64
		{0982937D-D8F4-422A-AA8C-C14A4115434A}.AppStore|x64.Build.0 = Release|x64
		{0982937D-D8F4-422A-AA8C-C14A4115434A}.AppStore|x64.Deploy.0 = Release|x64
		{0982937D-D8F4-422A-AA8C-C14A4115434A}.AppStore|x86.ActiveCfg = Release|x86
		{0982937D-D8F4-422A-AA8C-C14A4115434A}.AppStore|x86.Build.0 = Release|x86
		{0982937D-D8F4-422A-AA8C-C14A4115434A}.AppStore|x86.Deploy.0 = Release|x86
		{0982937D-D8F4-422A-AA8C-C14A4115434A}.Debug|Any CPU.ActiveCfg = Debug|x86
		{0982937D-D8F4-422A-AA8C-C14A4115434A}.Debug|ARM.ActiveCfg = Debug|ARM
		{0982937D-D8F4-422A-AA8C-C14A4115434A}.Debug|ARM.Build.0 = Debug|ARM
		{0982937D-D8F4-422A-AA8C-C14A4115434A}.Debug|ARM.Deploy.0 = Debug|ARM
		{0982937D-D8F4-422A-AA8C-C14A4115434A}.Debug|iPhone.ActiveCfg = Debug|x86
		{0982937D-D8F4-422A-AA8C-C14A4115434A}.Debug|iPhoneSimulator.ActiveCfg = Debug|x86
		{0982937D-D8F4-422A-AA8C-C14A4115434A}.Debug|x64.ActiveCfg = Debug|x64
		{0982937D-D8F4-422A-AA8C-C14A4115434A}.Debug|x64.Build.0 = Debug|x64
		{0982937D-D8F4-422A-AA8C-C14A4115434A}.Debug|x64.Deploy.0 = Debug|x64
		{0982937D-D8F4-422A-AA8C-C14A4115434A}.Debug|x86.ActiveCfg = Debug|x86
		{0982937D-D8F4-422A-AA8C-C14A4115434A}.Debug|x86.Build.0 = Debug|x86
		{0982937D-D8F4-422A-AA8C-C14A4115434A}.Debug|x86.Deploy.0 = Debug|x86
		{0982937D-D8F4-422A-AA8C-C14A4115434A}.Release|Any CPU.ActiveCfg = Release|x86
		{0982937D-D8F4-422A-AA8C-C14A4115434A}.Release|ARM.ActiveCfg = Release|ARM
		{0982937D-D8F4-422A-AA8C-C14A4115434A}.Release|ARM.Build.0 = Release|ARM
		{0982937D-D8F4-422A-AA8C-C14A4115434A}.Release|ARM.Deploy.0 = Release|ARM
		{0982937D-D8F4-422A-AA8C-C14A4115434A}.Release|iPhone.ActiveCfg = Release|x86
		{0982937D-D8F4-422A-AA8C-C14A4115434A}.Release|iPhoneSimulator.ActiveCfg = Release|x86
		{0982937D-D8F4-422A-AA8C-C14A4115434A}.Release|x64.ActiveCfg = Release|x64
		{0982937D-D8F4-422A-AA8C-C14A4115434A}.Release|x64.Build.0 = Release|x64
		{0982937D-D8F4-422A-AA8C-C14A4115434A}.Release|x64.Deploy.0 = Release|x64
		{0982937D-D8F4-422A-AA8C-C14A4115434A}.Release|x86.ActiveCfg = Release|x86
		{0982937D-D8F4-422A-AA8C-C14A4115434A}.Release|x86.Build.0 = Release|x86
		{0982937D-D8F4-422A-AA8C-C14A4115434A}.Release|x86.Deploy.0 = Release|x86
	EndGlobalSection
	GlobalSection(SolutionProperties) = preSolution
		HideSolutionNode = FALSE
	EndGlobalSection
	GlobalSection(ExtensibilityGlobals) = postSolution
		SolutionGuid = {8467FC1C-1074-44D9-8BD8-F462CFB08095}
	EndGlobalSection
EndGlobal
